{
  "requires": true,
  "lockfileVersion": 1,
  "dependencies": {
    "@dojo/core": {
      "version": "2.0.0",
      "resolved": "https://registry.npmjs.org/@dojo/core/-/core-2.0.0.tgz",
      "integrity": "sha512-iojqMIn49L/bwv/Ryy2v7qKeioHxjHQqJNLhEXBJ+zJoQ47IeG92Y5tmdGsZ6SKZk6sFuWHl7gL9Wbw0qVySHw==",
      "requires": {
        "tslib": "1.8.1"
      }
    },
    "@dojo/has": {
      "version": "2.0.0",
      "resolved": "https://registry.npmjs.org/@dojo/has/-/has-2.0.0.tgz",
      "integrity": "sha512-WFdsD2jVqsLvOTtEs8Q9TlJF7f0VgO8NXRccuOPKjw9tXKvB6XrnZjGgh+zkLxOUrm8m3rExMu8MHGM8ZHLPPQ=="
    },
    "@dojo/i18n": {
      "version": "2.0.0",
      "resolved": "https://registry.npmjs.org/@dojo/i18n/-/i18n-2.0.0.tgz",
      "integrity": "sha512-N7waSXe8ER602TW6WzEaqxMgbjGkFeu6B6xgRFQHoT08MuuwnnFAvjpBG3k3JVq1Kn6hBZqOYP2Fi2xqtdlasA==",
      "requires": {
        "globalize": "1.3.0",
        "tslib": "1.8.1"
      }
    },
    "@dojo/shim": {
      "version": "2.0.0",
      "resolved": "https://registry.npmjs.org/@dojo/shim/-/shim-2.0.0.tgz",
      "integrity": "sha512-v/zD80U+8ajNrfxwKH6yy//l6ATQ/LzeYVXcqmBkGQ0NA4vDujLS3ceF3Wt0XL55JXLUYaVSQACMqy0H9DPD3A==",
      "requires": {
        "intersection-observer": "0.4.2",
        "pepjs": "0.4.2",
        "tslib": "1.8.1",
        "web-animations-js": "2.3.1"
      }
    },
    "@types/arcgis-js-api": {
      "version": "4.8.0",
      "resolved": "https://registry.npmjs.org/@types/arcgis-js-api/-/arcgis-js-api-4.8.0.tgz",
      "integrity": "sha512-7lekzzDrNkhVACkjha1v0cm0qDZ9qjxxEfaHzz49W20PBXPecSYcsFSa/IEw4XK1FWqQNpSWiI7jrEVTOH/vSQ=="
    },
    "arcgis-js-api": {
      "version": "4.8.1",
      "resolved": "https://registry.npmjs.org/arcgis-js-api/-/arcgis-js-api-4.8.1.tgz",
      "integrity": "sha512-mkPHX+DekEjvd0n8kXHUDgaYIARARfcmHburozNddCR821qyQI09A0XyKauNz8Q027JXmtvx3pp2EMk1+fJ16w==",
      "requires": {
        "@dojo/core": "2.0.0",
        "@dojo/has": "2.0.0",
        "@dojo/i18n": "2.0.0",
        "@dojo/shim": "2.0.0",
        "dgrid": "github:Esri/dgrid#200a7fda418bec199f3b76a493fdfa7d4440698b",
        "dijit": "github:Esri/dijit#e5845ba23949f30608a05831ec71233aa1079d3d",
        "dojo": "github:Esri/dojo#659a900411ef533065c1536550d109fc6e03b68a",
        "dojo-dstore": "1.1.2",
        "dojo-util": "1.13.0",
        "dojox": "github:Esri/dojox#5293dfefb913bea72a0a1ba57fc6998cff253ccc",
        "maquette": "3.2.2",
        "maquette-css-transitions": "1.1.0",
        "maquette-jsx": "2.1.1",
        "moment": "2.22.1"
      }
    },
    "cldrjs": {
      "version": "0.4.8",
      "resolved": "https://registry.npmjs.org/cldrjs/-/cldrjs-0.4.8.tgz",
      "integrity": "sha1-O5lMRk0qMrWsp8XeF6YKh+RdxPk="
    },
    "dgrid": {
      "version": "github:Esri/dgrid#200a7fda418bec199f3b76a493fdfa7d4440698b"
    },
    "dijit": {
      "version": "github:Esri/dijit#e5845ba23949f30608a05831ec71233aa1079d3d",
      "requires": {
        "dojo": "github:Esri/dojo#659a900411ef533065c1536550d109fc6e03b68a"
      }
    },
    "dojo": {
      "version": "github:Esri/dojo#659a900411ef533065c1536550d109fc6e03b68a"
    },
    "dojo-dstore": {
      "version": "1.1.2",
      "resolved": "https://registry.npmjs.org/dojo-dstore/-/dojo-dstore-1.1.2.tgz",
      "integrity": "sha1-zuNpmfP4B9HP/P32FX2w8rI3zeQ=",
      "requires": {
        "dojo": "github:Esri/dojo#659a900411ef533065c1536550d109fc6e03b68a"
      }
    },
    "dojo-util": {
      "version": "1.13.0",
      "resolved": "https://registry.npmjs.org/dojo-util/-/dojo-util-1.13.0.tgz",
      "integrity": "sha512-c5Vsd1T8bydfWSyLcgQK+l7k/Ln47B56P5xwxgi9htUIMckK2Ti9F8tAZjBhKhKvtvm77H4KqiuFTT6FXAnRKA=="
    },
    "dojox": {
      "version": "github:Esri/dojox#5293dfefb913bea72a0a1ba57fc6998cff253ccc",
      "requires": {
        "dijit": "github:Esri/dijit#e5845ba23949f30608a05831ec71233aa1079d3d",
        "dojo": "github:Esri/dojo#659a900411ef533065c1536550d109fc6e03b68a"
      }
    },
    "esri-loader": {
      "version": "2.4.0",
      "resolved": "https://registry.npmjs.org/esri-loader/-/esri-loader-2.4.0.tgz",
      "integrity": "sha1-acfbpnTBjTomHgIqAVtQF0/d1Zc="
    },
    "font-awesome": {
      "version": "4.7.0",
      "resolved": "https://registry.npmjs.org/font-awesome/-/font-awesome-4.7.0.tgz",
      "integrity": "sha1-j6jPBBGhoxr9B7BtKQK7n8gVoTM="
    },
    "globalize": {
      "version": "1.3.0",
      "resolved": "https://registry.npmjs.org/globalize/-/globalize-1.3.0.tgz",
      "integrity": "sha1-xWUkuKz9LOONDJfd/c6zj2RLM5I=",
      "requires": {
        "cldrjs": "0.4.8"
      }
    },
    "intersection-observer": {
      "version": "0.4.2",
      "resolved": "https://registry.npmjs.org/intersection-observer/-/intersection-observer-0.4.2.tgz",
      "integrity": "sha512-SFGCL4d6A7J+aXNHTx94zV7ydngTKraDBvoJjn5iGgsXYhXgAXIYj8i3ewJoO80BRB7qtBB3sBlrdGNwTktzLg=="
    },
    "maquette": {
      "version": "3.2.2",
      "resolved": "https://registry.npmjs.org/maquette/-/maquette-3.2.2.tgz",
      "integrity": "sha512-0H+cBxxDJinYxNVoi0ZSpbuO+Yf0abT/snRM2aqj+bhip4Dl7iy41q9NSBBWvR511qp0LcN0SpNIFDE9SCvwQQ=="
    },
    "maquette-css-transitions": {
      "version": "1.1.0",
      "resolved": "https://registry.npmjs.org/maquette-css-transitions/-/maquette-css-transitions-1.1.0.tgz",
      "integrity": "sha512-dQObmIYOKqcyzn3hoqDPNV2iLqUiUHF5CwBh0LEbVK3/d1tskJGHeX5y1Ejqqt27rCCsWxW3BEJWVdVU8vKBRw=="
    },
    "maquette-jsx": {
      "version": "2.1.1",
      "resolved": "https://registry.npmjs.org/maquette-jsx/-/maquette-jsx-2.1.1.tgz",
      "integrity": "sha512-mE6ILC4SCcDY2Evra+SPYSVYJ5qbpuPSXR+KpZm+4LfQ1/7lGtij25hFJhMg8k/RUQNm+wWNpklpyC05kGdR0A=="
    },
    "moment": {
      "version": "2.22.1",
      "resolved": "https://registry.npmjs.org/moment/-/moment-2.22.1.tgz",
      "integrity": "sha512-shJkRTSebXvsVqk56I+lkb2latjBs8I+pc2TzWc545y2iFnSjm7Wg0QMh+ZWcdSLQyGEau5jI8ocnmkyTgr9YQ=="
    },
    "pepjs": {
      "version": "0.4.2",
      "resolved": "https://registry.npmjs.org/pepjs/-/pepjs-0.4.2.tgz",
      "integrity": "sha1-EyZO6olJhP9CPIPkDS+k4d7Byfo="
    },
    "primeng": {
      "version": "6.0.1",
      "resolved": "https://registry.npmjs.org/primeng/-/primeng-6.0.1.tgz",
      "integrity": "sha512-lwh613WHhk7yrcOeGvT3ciG+/aH9nx78QUVbaAydIcR52pyj1tNHLgsldc0Gs1eraELoIr+GXi1HtMwtuH4YCQ=="
    },
    "tslib": {
      "version": "1.8.1",
      "resolved": "https://registry.npmjs.org/tslib/-/tslib-1.8.1.tgz",
      "integrity": "sha1-aUavLR1lGnsYY7Ux1uWvpBqkTqw="
    },
    "typescript": {
      "version": "2.9.2",
      "resolved": "https://registry.npmjs.org/typescript/-/typescript-2.9.2.tgz",
      "integrity": "sha512-Gr4p6nFNaoufRIY4NMdpQRNmgxVIGMs4Fcu/ujdYk3nAZqk7supzBE9idmvfZIlH/Cuj//dvi+019qEue9lV0w=="
    },
    "web-animations-js": {
      "version": "2.3.1",
      "resolved": "https://registry.npmjs.org/web-animations-js/-/web-animations-js-2.3.1.tgz",
      "integrity": "sha1-Om2bwVGWN3qQ+OKAP6UmIWWwRRA="
    }
  }
}
