
Microsoft Visual Studio Solution File, Format Version 12.00
# Visual Studio 15
VisualStudioVersion = 15.0.27703.2035
MinimumVisualStudioVersion = 10.0.40219.1
Project("{FAE04EC0-301F-11D3-BF4B-00C04F79EFBC}") = "ArcGisAngularExperiment", "ArcGisAngularExperiment\ArcGisAngularExperiment.csproj", "{03C15AA6-5B33-407E-81EE-F93BD0D1B636}"
EndProject
Global
	GlobalSection(SolutionConfigurationPlatforms) = preSolution
		Debug|Any CPU = Debug|Any CPU
		Release|Any CPU = Release|Any CPU
	EndGlobalSection
	GlobalSection(ProjectConfigurationPlatforms) = postSolution
		{03C15AA6-5B33-407E-81EE-F93BD0D1B636}.Debug|Any CPU.ActiveCfg = Debug|Any CPU
		{03C15AA6-5B33-407E-81EE-F93BD0D1B636}.Debug|Any CPU.Build.0 = Debug|Any CPU
		{03C15AA6-5B33-407E-81EE-F93BD0D1B636}.Release|Any CPU.ActiveCfg = Release|Any CPU
		{03C15AA6-5B33-407E-81EE-F93BD0D1B636}.Release|Any CPU.Build.0 = Release|Any CPU
	EndGlobalSection
	GlobalSection(SolutionProperties) = preSolution
		HideSolutionNode = FALSE
	EndGlobalSection
	GlobalSection(ExtensibilityGlobals) = postSolution
		SolutionGuid = {98CAE29A-6458-4729-807D-D4A0FC0AAE6E}
	EndGlobalSection
EndGlobal
